# This file is generated by gyllir, and records the exact dependency versions the package was
# last resolved with. It is meant to be committed, and not to be edited by hand.
lock-version = 1

[[package]]
name = "std"
url = "git:git@github.com:GNU-Ymir/yruntime.git"
version = "1.9.0"
sha = "41aae2af31647aa0b3171da8605d0d9de0392296"
