# This file is generated by gyllir, and records the exact dependency versions the package was
# last resolved with. It is meant to be committed, and not to be edited by hand.
lock-version = 1

[[package]]
name = "std"
url = "git:https://github.com/GNU-Ymir/yruntime.git"
version = "1.5.0"
sha = "0a328a11511d4ee5765cf27de7fe0cb7a974933e"
